
Microsoft Visual Studio Solution File, Format Version 12.00
# Visual Studio Version 16
VisualStudioVersion = 16.0.31702.278
MinimumVisualStudioVersion = 10.0.40219.1
Project("{FAE04EC0-301F-11D3-BF4B-00C04F79EFBC}") = "AnswerAPP_MauricioG.Android", "AnswerAPP_MauricioG\AnswerAPP_MauricioG.Android\AnswerAPP_MauricioG.Android.csproj", "{B5888D43-ABD4-4479-B3F0-67C6920458C5}"
EndProject
Project("{FAE04EC0-301F-11D3-BF4B-00C04F79EFBC}") = "AnswerAPP_MauricioG.iOS", "AnswerAPP_MauricioG\AnswerAPP_MauricioG.iOS\AnswerAPP_MauricioG.iOS.csproj", "{BBB1F885-D3C0-4162-8288-ED74843D1332}"
EndProject
Project("{FAE04EC0-301F-11D3-BF4B-00C04F79EFBC}") = "AnswerAPP_MauricioG", "AnswerAPP_MauricioG\AnswerAPP_MauricioG\AnswerAPP_MauricioG.csproj", "{5BE1F156-8E41-4EE1-A43A-97C8025F0842}"
EndProject
Global
	GlobalSection(SolutionConfigurationPlatforms) = preSolution
		Debug|Any CPU = Debug|Any CPU
		Debug|iPhone = Debug|iPhone
		Debug|iPhoneSimulator = Debug|iPhoneSimulator
		Release|Any CPU = Release|Any CPU
		Release|iPhone = Release|iPhone
		Release|iPhoneSimulator = Release|iPhoneSimulator
	EndGlobalSection
	GlobalSection(ProjectConfigurationPlatforms) = postSolution
		{B5888D43-ABD4-4479-B3F0-67C6920458C5}.Debug|Any CPU.ActiveCfg = Debug|Any CPU
		{B5888D43-ABD4-4479-B3F0-67C6920458C5}.Debug|Any CPU.Build.0 = Debug|Any CPU
		{B5888D43-ABD4-4479-B3F0-67C6920458C5}.Debug|Any CPU.Deploy.0 = Debug|Any CPU
		{B5888D43-ABD4-4479-B3F0-67C6920458C5}.Debug|iPhone.ActiveCfg = Debug|Any CPU
		{B5888D43-ABD4-4479-B3F0-67C6920458C5}.Debug|iPhone.Build.0 = Debug|Any CPU
		{B5888D43-ABD4-4479-B3F0-67C6920458C5}.Debug|iPhone.Deploy.0 = Debug|Any CPU
		{B5888D43-ABD4-4479-B3F0-67C6920458C5}.Debug|iPhoneSimulator.ActiveCfg = Debug|Any CPU
		{B5888D43-ABD4-4479-B3F0-67C6920458C5}.Debug|iPhoneSimulator.Build.0 = Debug|Any CPU
		{B5888D43-ABD4-4479-B3F0-67C6920458C5}.Debug|iPhoneSimulator.Deploy.0 = Debug|Any CPU
		{B5888D43-ABD4-4479-B3F0-67C6920458C5}.Release|Any CPU.ActiveCfg = Release|Any CPU
		{B5888D43-ABD4-4479-B3F0-67C6920458C5}.Release|Any CPU.Build.0 = Release|Any CPU
		{B5888D43-ABD4-4479-B3F0-67C6920458C5}.Release|Any CPU.Deploy.0 = Release|Any CPU
		{B5888D43-ABD4-4479-B3F0-67C6920458C5}.Release|iPhone.ActiveCfg = Release|Any CPU
		{B5888D43-ABD4-4479-B3F0-67C6920458C5}.Release|iPhone.Build.0 = Release|Any CPU
		{B5888D43-ABD4-4479-B3F0-67C6920458C5}.Release|iPhone.Deploy.0 = Release|Any CPU
		{B5888D43-ABD4-4479-B3F0-67C6920458C5}.Release|iPhoneSimulator.ActiveCfg = Release|Any CPU
		{B5888D43-ABD4-4479-B3F0-67C6920458C5}.Release|iPhoneSimulator.Build.0 = Release|Any CPU
		{B5888D43-ABD4-4479-B3F0-67C6920458C5}.Release|iPhoneSimulator.Deploy.0 = Release|Any CPU
		{BBB1F885-D3C0-4162-8288-ED74843D1332}.Debug|Any CPU.ActiveCfg = Debug|iPhone
		{BBB1F885-D3C0-4162-8288-ED74843D1332}.Debug|Any CPU.Build.0 = Debug|iPhone
		{BBB1F885-D3C0-4162-8288-ED74843D1332}.Debug|Any CPU.Deploy.0 = Debug|iPhone
		{BBB1F885-D3C0-4162-8288-ED74843D1332}.Debug|iPhone.ActiveCfg = Debug|iPhone
		{BBB1F885-D3C0-4162-8288-ED74843D1332}.Debug|iPhone.Build.0 = Debug|iPhone
		{BBB1F885-D3C0-4162-8288-ED74843D1332}.Debug|iPhone.Deploy.0 = Debug|iPhone
		{BBB1F885-D3C0-4162-8288-ED74843D1332}.Debug|iPhoneSimulator.ActiveCfg = Debug|iPhoneSimulator
		{BBB1F885-D3C0-4162-8288-ED74843D1332}.Debug|iPhoneSimulator.Build.0 = Debug|iPhoneSimulator
		{BBB1F885-D3C0-4162-8288-ED74843D1332}.Debug|iPhoneSimulator.Deploy.0 = Debug|iPhoneSimulator
		{BBB1F885-D3C0-4162-8288-ED74843D1332}.Release|Any CPU.ActiveCfg = Release|iPhoneSimulator
		{BBB1F885-D3C0-4162-8288-ED74843D1332}.Release|Any CPU.Build.0 = Release|iPhoneSimulator
		{BBB1F885-D3C0-4162-8288-ED74843D1332}.Release|Any CPU.Deploy.0 = Release|iPhoneSimulator
		{BBB1F885-D3C0-4162-8288-ED74843D1332}.Release|iPhone.ActiveCfg = Release|iPhone
		{BBB1F885-D3C0-4162-8288-ED74843D1332}.Release|iPhone.Build.0 = Release|iPhone
		{BBB1F885-D3C0-4162-8288-ED74843D1332}.Release|iPhone.Deploy.0 = Release|iPhone
		{BBB1F885-D3C0-4162-8288-ED74843D1332}.Release|iPhoneSimulator.ActiveCfg = Release|iPhoneSimulator
		{BBB1F885-D3C0-4162-8288-ED74843D1332}.Release|iPhoneSimulator.Build.0 = Release|iPhoneSimulator
		{BBB1F885-D3C0-4162-8288-ED74843D1332}.Release|iPhoneSimulator.Deploy.0 = Release|iPhoneSimulator
		{5BE1F156-8E41-4EE1-A43A-97C8025F0842}.Debug|Any CPU.ActiveCfg = Debug|Any CPU
		{5BE1F156-8E41-4EE1-A43A-97C8025F0842}.Debug|Any CPU.Build.0 = Debug|Any CPU
		{5BE1F156-8E41-4EE1-A43A-97C8025F0842}.Debug|Any CPU.Deploy.0 = Debug|Any CPU
		{5BE1F156-8E41-4EE1-A43A-97C8025F0842}.Debug|iPhone.ActiveCfg = Debug|Any CPU
		{5BE1F156-8E41-4EE1-A43A-97C8025F0842}.Debug|iPhone.Build.0 = Debug|Any CPU
		{5BE1F156-8E41-4EE1-A43A-97C8025F0842}.Debug|iPhone.Deploy.0 = Debug|Any CPU
		{5BE1F156-8E41-4EE1-A43A-97C8025F0842}.Debug|iPhoneSimulator.ActiveCfg = Debug|Any CPU
		{5BE1F156-8E41-4EE1-A43A-97C8025F0842}.Debug|iPhoneSimulator.Build.0 = Debug|Any CPU
		{5BE1F156-8E41-4EE1-A43A-97C8025F0842}.Debug|iPhoneSimulator.Deploy.0 = Debug|Any CPU
		{5BE1F156-8E41-4EE1-A43A-97C8025F0842}.Release|Any CPU.ActiveCfg = Release|Any CPU
		{5BE1F156-8E41-4EE1-A43A-97C8025F0842}.Release|Any CPU.Build.0 = Release|Any CPU
		{5BE1F156-8E41-4EE1-A43A-97C8025F0842}.Release|Any CPU.Deploy.0 = Release|Any CPU
		{5BE1F156-8E41-4EE1-A43A-97C8025F0842}.Release|iPhone.ActiveCfg = Release|Any CPU
		{5BE1F156-8E41-4EE1-A43A-97C8025F0842}.Release|iPhone.Build.0 = Release|Any CPU
		{5BE1F156-8E41-4EE1-A43A-97C8025F0842}.Release|iPhone.Deploy.0 = Release|Any CPU
		{5BE1F156-8E41-4EE1-A43A-97C8025F0842}.Release|iPhoneSimulator.ActiveCfg = Release|Any CPU
		{5BE1F156-8E41-4EE1-A43A-97C8025F0842}.Release|iPhoneSimulator.Build.0 = Release|Any CPU
		{5BE1F156-8E41-4EE1-A43A-97C8025F0842}.Release|iPhoneSimulator.Deploy.0 = Release|Any CPU
	EndGlobalSection
	GlobalSection(SolutionProperties) = preSolution
		HideSolutionNode = FALSE
	EndGlobalSection
	GlobalSection(ExtensibilityGlobals) = postSolution
		SolutionGuid = {38019D68-0AAD-41F2-A709-5D280A847E41}
	EndGlobalSection
EndGlobal
